{
  "name": "spring-and-spring-boot",
  "lockfileVersion": 3,
  "requires": true,
  "packages": {
    "": {
      "devDependencies": {
        "playwright-chromium": "^1.53.2"
      }
    },
    "node_modules/playwright-chromium": {
      "version": "1.53.2",
      "resolved": "https://registry.npmjs.org/playwright-chromium/-/playwright-chromium-1.53.2.tgz",
      "integrity": "sha512-srR0AVmLltaDH6bkEdPlHrqOwtqHI7XkQNm1m20RZNYBIo3L83uv2ENX2SZyYNKtTcT6R//F5moFS7D5UoMINw==",
      "dev": true,
      "hasInstallScript": true,
      "license": "Apache-2.0",
      "dependencies": {
        "playwright-core": "1.53.2"
      },
      "bin": {
        "playwright": "cli.js"
      },
      "engines": {
        "node": ">=18"
      }
    },
    "node_modules/playwright-core": {
      "version": "1.53.2",
      "resolved": "https://registry.npmjs.org/playwright-core/-/playwright-core-1.53.2.tgz",
      "integrity": "sha512-ox/OytMy+2w1jcYEYlOo1Hhp8hZkLCximMTUTMBXjGUA1KoFfiSZ+DU+3a739jsPY0yoKH2TFy9S2fsJas8yAw==",
      "dev": true,
      "license": "Apache-2.0",
      "bin": {
        "playwright-core": "cli.js"
      },
      "engines": {
        "node": ">=18"
      }
    }
  }
}
